
Microsoft Visual Studio Solution File, Format Version 12.00
# Visual Studio Version 17
VisualStudioVersion = 17.4.33403.182
MinimumVisualStudioVersion = 10.0.40219.1
Project("{FAE04EC0-301F-11D3-BF4B-00C04F79EFBC}") = "Roshambo", "Roshambo\Roshambo.csproj", "{72FEA495-13EC-4E73-9CB6-6F8D327E3650}"
EndProject
Global
	GlobalSection(SolutionConfigurationPlatforms) = preSolution
		Debug|Any CPU = Debug|Any CPU
		Release|Any CPU = Release|Any CPU
	EndGlobalSection
	GlobalSection(ProjectConfigurationPlatforms) = postSolution
		{72FEA495-13EC-4E73-9CB6-6F8D327E3650}.Debug|Any CPU.ActiveCfg = Debug|Any CPU
		{72FEA495-13EC-4E73-9CB6-6F8D327E3650}.Debug|Any CPU.Build.0 = Debug|Any CPU
		{72FEA495-13EC-4E73-9CB6-6F8D327E3650}.Release|Any CPU.ActiveCfg = Release|Any CPU
		{72FEA495-13EC-4E73-9CB6-6F8D327E3650}.Release|Any CPU.Build.0 = Release|Any CPU
	EndGlobalSection
	GlobalSection(SolutionProperties) = preSolution
		HideSolutionNode = FALSE
	EndGlobalSection
	GlobalSection(ExtensibilityGlobals) = postSolution
		SolutionGuid = {4030C27B-5A8B-4D0A-A125-EC8C17CD4B4B}
	EndGlobalSection
EndGlobal
